
Microsoft Visual Studio Solution File, Format Version 12.00
# Visual Studio Version 17
VisualStudioVersion = 17.8.34511.84
MinimumVisualStudioVersion = 10.0.40219.1
Project("{FAE04EC0-301F-11D3-BF4B-00C04F79EFBC}") = "WhiteBoarderApp", "WhiteBoarderApp\WhiteBoarderApp.csproj", "{A47EA3C1-691C-4D55-8AE9-1D349875EE72}"
EndProject
Global
	GlobalSection(SolutionConfigurationPlatforms) = preSolution
		Debug|Any CPU = Debug|Any CPU
		Release|Any CPU = Release|Any CPU
	EndGlobalSection
	GlobalSection(ProjectConfigurationPlatforms) = postSolution
		{A47EA3C1-691C-4D55-8AE9-1D349875EE72}.Debug|Any CPU.ActiveCfg = Debug|Any CPU
		{A47EA3C1-691C-4D55-8AE9-1D349875EE72}.Debug|Any CPU.Build.0 = Debug|Any CPU
		{A47EA3C1-691C-4D55-8AE9-1D349875EE72}.Release|Any CPU.ActiveCfg = Release|Any CPU
		{A47EA3C1-691C-4D55-8AE9-1D349875EE72}.Release|Any CPU.Build.0 = Release|Any CPU
	EndGlobalSection
	GlobalSection(SolutionProperties) = preSolution
		HideSolutionNode = FALSE
	EndGlobalSection
	GlobalSection(ExtensibilityGlobals) = postSolution
		SolutionGuid = {95952150-D366-4C3E-A254-E5A210E57512}
	EndGlobalSection
EndGlobal
